
Microsoft Visual Studio Solution File, Format Version 12.00
# Visual Studio 14
VisualStudioVersion = 14.0.23107.0
MinimumVisualStudioVersion = 10.0.40219.1
Project("{FAE04EC0-301F-11D3-BF4B-00C04F79EFBC}") = "WebServer", "WebServer\WebServer.csproj", "{F5B9B62A-2E64-4C5C-8C3D-9A745AA4830D}"
EndProject
Project("{FAE04EC0-301F-11D3-BF4B-00C04F79EFBC}") = "WebServer.Tests", "WebServer.Tests\WebServer.Tests.csproj", "{60BF8502-F116-4D67-86B0-A4B43A8CB47D}"
EndProject
Project("{2150E333-8FDC-42A3-9474-1A3956D46DE8}") = "Solution Items", "Solution Items", "{BFD9C963-9187-4DD4-9D05-82558A59C4C9}"
	ProjectSection(SolutionItems) = preProject
		Grand.sql = Grand.sql
	EndProjectSection
EndProject
Global
	GlobalSection(SolutionConfigurationPlatforms) = preSolution
		Debug|Any CPU = Debug|Any CPU
		Release|Any CPU = Release|Any CPU
	EndGlobalSection
	GlobalSection(ProjectConfigurationPlatforms) = postSolution
		{F5B9B62A-2E64-4C5C-8C3D-9A745AA4830D}.Debug|Any CPU.ActiveCfg = Debug|Any CPU
		{F5B9B62A-2E64-4C5C-8C3D-9A745AA4830D}.Debug|Any CPU.Build.0 = Debug|Any CPU
		{F5B9B62A-2E64-4C5C-8C3D-9A745AA4830D}.Release|Any CPU.ActiveCfg = Release|Any CPU
		{F5B9B62A-2E64-4C5C-8C3D-9A745AA4830D}.Release|Any CPU.Build.0 = Release|Any CPU
		{60BF8502-F116-4D67-86B0-A4B43A8CB47D}.Debug|Any CPU.ActiveCfg = Debug|Any CPU
		{60BF8502-F116-4D67-86B0-A4B43A8CB47D}.Debug|Any CPU.Build.0 = Debug|Any CPU
		{60BF8502-F116-4D67-86B0-A4B43A8CB47D}.Release|Any CPU.ActiveCfg = Release|Any CPU
		{60BF8502-F116-4D67-86B0-A4B43A8CB47D}.Release|Any CPU.Build.0 = Release|Any CPU
	EndGlobalSection
	GlobalSection(SolutionProperties) = preSolution
		HideSolutionNode = FALSE
	EndGlobalSection
EndGlobal
